
Microsoft Visual Studio Solution File, Format Version 12.00
# Visual Studio Version 17
VisualStudioVersion = 17.2.32526.322
MinimumVisualStudioVersion = 10.0.40219.1
Project("{9A19103F-16F7-4668-BE54-9A1E7A4F7556}") = "NAF", "NAFAPI\NAF.csproj", "{43FE9408-57DC-441A-8341-311E2764F966}"
EndProject
Project("{9A19103F-16F7-4668-BE54-9A1E7A4F7556}") = "NAF.APPLICATION", "NAFAPI.APPLICATION\NAF.APPLICATION.csproj", "{2C9A8C0B-4D85-46EE-A500-481937C40AFB}"
EndProject
Project("{9A19103F-16F7-4668-BE54-9A1E7A4F7556}") = "NAF.DOMAIN", "NAFAPI.DOMAIN\NAF.DOMAIN.csproj", "{826B805A-636A-4532-8654-054259887FF2}"
EndProject
Project("{9A19103F-16F7-4668-BE54-9A1E7A4F7556}") = "NAF.INFRASTRUCTURE", "NAFAPI.INFRASTRUCTURE\NAF.INFRASTRUCTURE.csproj", "{6E65CB68-8220-421D-A827-7E2264B39453}"
EndProject
Project("{9A19103F-16F7-4668-BE54-9A1E7A4F7556}") = "NAFCommon.Base", "Common.Base\NAFCommon.Base.csproj", "{2A96CB32-FF54-4A18-AAB5-AFEB920E2A91}"
EndProject
Global
	GlobalSection(SolutionConfigurationPlatforms) = preSolution
		Debug|Any CPU = Debug|Any CPU
		Release|Any CPU = Release|Any CPU
	EndGlobalSection
	GlobalSection(ProjectConfigurationPlatforms) = postSolution
		{43FE9408-57DC-441A-8341-311E2764F966}.Debug|Any CPU.ActiveCfg = Debug|Any CPU
		{43FE9408-57DC-441A-8341-311E2764F966}.Debug|Any CPU.Build.0 = Debug|Any CPU
		{43FE9408-57DC-441A-8341-311E2764F966}.Release|Any CPU.ActiveCfg = Release|Any CPU
		{43FE9408-57DC-441A-8341-311E2764F966}.Release|Any CPU.Build.0 = Release|Any CPU
		{2C9A8C0B-4D85-46EE-A500-481937C40AFB}.Debug|Any CPU.ActiveCfg = Debug|Any CPU
		{2C9A8C0B-4D85-46EE-A500-481937C40AFB}.Debug|Any CPU.Build.0 = Debug|Any CPU
		{2C9A8C0B-4D85-46EE-A500-481937C40AFB}.Release|Any CPU.ActiveCfg = Release|Any CPU
		{2C9A8C0B-4D85-46EE-A500-481937C40AFB}.Release|Any CPU.Build.0 = Release|Any CPU
		{826B805A-636A-4532-8654-054259887FF2}.Debug|Any CPU.ActiveCfg = Debug|Any CPU
		{826B805A-636A-4532-8654-054259887FF2}.Debug|Any CPU.Build.0 = Debug|Any CPU
		{826B805A-636A-4532-8654-054259887FF2}.Release|Any CPU.ActiveCfg = Release|Any CPU
		{826B805A-636A-4532-8654-054259887FF2}.Release|Any CPU.Build.0 = Release|Any CPU
		{6E65CB68-8220-421D-A827-7E2264B39453}.Debug|Any CPU.ActiveCfg = Debug|Any CPU
		{6E65CB68-8220-421D-A827-7E2264B39453}.Debug|Any CPU.Build.0 = Debug|Any CPU
		{6E65CB68-8220-421D-A827-7E2264B39453}.Release|Any CPU.ActiveCfg = Release|Any CPU
		{6E65CB68-8220-421D-A827-7E2264B39453}.Release|Any CPU.Build.0 = Release|Any CPU
		{2A96CB32-FF54-4A18-AAB5-AFEB920E2A91}.Debug|Any CPU.ActiveCfg = Debug|Any CPU
		{2A96CB32-FF54-4A18-AAB5-AFEB920E2A91}.Debug|Any CPU.Build.0 = Debug|Any CPU
		{2A96CB32-FF54-4A18-AAB5-AFEB920E2A91}.Release|Any CPU.ActiveCfg = Release|Any CPU
		{2A96CB32-FF54-4A18-AAB5-AFEB920E2A91}.Release|Any CPU.Build.0 = Release|Any CPU
	EndGlobalSection
	GlobalSection(SolutionProperties) = preSolution
		HideSolutionNode = FALSE
	EndGlobalSection
	GlobalSection(ExtensibilityGlobals) = postSolution
		SolutionGuid = {E24D74F6-C74F-4AB8-BA28-7EE7F54213B8}
	EndGlobalSection
EndGlobal
